apiVersion: apps/v1
kind: Deployment
metadata:
  name: agent-block
spec:
  replicas: 1
  selector:
    matchLabels:
      app: agent-block
  template:
    metadata:
      labels:
        app: agent-block
        prom: monitor 
    spec:
      containers:
      - args:
        - /hyperdark
        - --log.verbosity=10
        - agent
        - block
        - manage
        env:
        - name: HYPERDARK_KAFKA_ENDPOINTS
          valueFrom:
            configMapKeyRef:
              name: endpoints
              key: kafka-cluster
        - name: HYPERDARK_DB_ENDPOINT
          valueFrom:
            configMapKeyRef:
              name: endpoints
              key: postgres-cluster
        - name: HYPERDARK_CACHE_ENDPOINT
          valueFrom:
            configMapKeyRef:
              name: endpoints
              key: redis-server
        image: hyperdark
        ports:
        - containerPort: 9102
          name: metrics
          protocol: TCP        
        imagePullPolicy: Never
        name: agent
        terminationMessagePath: /dev/termination-log
        terminationMessagePolicy: FallbackToLogsOnError
